
Microsoft Visual Studio Solution File, Format Version 12.00
# Visual Studio Version 16
VisualStudioVersion = 16.0.32413.511
MinimumVisualStudioVersion = 10.0.40219.1
Project("{FAE04EC0-301F-11D3-BF4B-00C04F79EFBC}") = "pokeapitesti", "pokeapitesti.csproj", "{EA0E4B38-5133-438C-939A-C01B25C9EC6C}"
EndProject
Global
	GlobalSection(SolutionConfigurationPlatforms) = preSolution
		Debug|Any CPU = Debug|Any CPU
		Release|Any CPU = Release|Any CPU
	EndGlobalSection
	GlobalSection(ProjectConfigurationPlatforms) = postSolution
		{EA0E4B38-5133-438C-939A-C01B25C9EC6C}.Debug|Any CPU.ActiveCfg = Debug|Any CPU
		{EA0E4B38-5133-438C-939A-C01B25C9EC6C}.Debug|Any CPU.Build.0 = Debug|Any CPU
		{EA0E4B38-5133-438C-939A-C01B25C9EC6C}.Release|Any CPU.ActiveCfg = Release|Any CPU
		{EA0E4B38-5133-438C-939A-C01B25C9EC6C}.Release|Any CPU.Build.0 = Release|Any CPU
	EndGlobalSection
	GlobalSection(SolutionProperties) = preSolution
		HideSolutionNode = FALSE
	EndGlobalSection
	GlobalSection(ExtensibilityGlobals) = postSolution
		SolutionGuid = {A329FA54-C062-475E-8AEF-45FC4F21E38B}
	EndGlobalSection
EndGlobal
